schema: '2.0'
stages:
  always_run:
    cmd: python rough/test.py
  load_data:
    cmd: python src/stage_1_load_save.py --config=config/config.yaml
    deps:
    - path: config/config.yaml
      md5: 3b984a754ff080e358edc5b2a3ac1702
      size: 332
    - path: rough/test.txt
      md5: a5890ace30a3e84d9118196c161aeec2
      size: 19
    - path: src/stage_1_load_save.py
      md5: 48d8812969455c87c0f85bb550d4aaa0
      size: 1073
    - path: src/utils/all_utils.py
      md5: 81f169402e76c9dee9aaf0e3cba3dfe6
      size: 595
    outs:
    - path: artifacts/raw_local_dir/data.csv
      md5: 6a883fd98624e18c0b7ce251f4fab4fb
      size: 102551
  split_data:
    cmd: python src/stage_02_split_data.py --config=config/config.yaml --params=params.yaml
    deps:
    - path: artifacts/raw_local_dir/data.csv
      md5: 6a883fd98624e18c0b7ce251f4fab4fb
      size: 102551
    - path: config/config.yaml
      md5: 3b984a754ff080e358edc5b2a3ac1702
      size: 332
    - path: params.yaml
      md5: 5da4f0b6e712699a8500c60707eb7b74
      size: 141
    - path: src/stage_02_split_data.py
      md5: 8d87d453187717780e657bfd37e00201
      size: 1765
    - path: src/utils/all_utils.py
      md5: 81f169402e76c9dee9aaf0e3cba3dfe6
      size: 595
    params:
      params.yaml:
        base.random_state: 0
        base.test_size: 0.3
    outs:
    - path: artifacts/split_data_dir/test.csv
      md5: 387d4f95bd46c61506ca6c737685f737
      size: 28999
    - path: artifacts/split_data_dir/train.csv
      md5: 442c8838d58a45ed83447d8c47269f11
      size: 67770
  train_data:
    cmd: python src/stage_03_train.py --config=config/config.yaml --params=params.yaml
    deps:
    - path: artifacts/split_data_dir/test.csv
      md5: 387d4f95bd46c61506ca6c737685f737
      size: 28999
    - path: artifacts/split_data_dir/train.csv
      md5: 442c8838d58a45ed83447d8c47269f11
      size: 67770
    - path: config/config.yaml
      md5: 3b984a754ff080e358edc5b2a3ac1702
      size: 332
    - path: params.yaml
      md5: 5da4f0b6e712699a8500c60707eb7b74
      size: 141
    - path: src/stage_03_train.py
      md5: e16e0680912e149f714306bb3eecfca1
      size: 1965
    - path: src/utils/all_utils.py
      md5: 81f169402e76c9dee9aaf0e3cba3dfe6
      size: 595
    params:
      params.yaml:
        model_params.Elastic_net.alpha: 0.5
        model_params.Elastic_net.l1_ratio: 0.5
        model_params.Elastic_net.random_state_elastic: 42
    outs:
    - path: artifacts/model_dir/model.pkl
      md5: 9bd410e0b2c8851a306bfd64d6cf77f4
      size: 1061
